PODS:
  - SWCardViewController (0.2.0)

DEPENDENCIES:
  - SWCardViewController (from `../`)

EXTERNAL SOURCES:
  SWCardViewController:
    :path: "../"

SPEC CHECKSUMS:
  SWCardViewController: 5c4c30b44a2749d8c923e07fc7dbb4170821e6a0

PODFILE CHECKSUM: cd6595b60ee4ba1964c8caf29afef4b52959156c

COCOAPODS: 1.1.0.beta.2
