PODS:
  - SWCardViewController (0.1.0)

DEPENDENCIES:
  - SWCardViewController (from `../`)

EXTERNAL SOURCES:
  SWCardViewController:
    :path: "../"

SPEC CHECKSUMS:
  SWCardViewController: 73054c6e9404622313ced6034b5a0af353d34279

PODFILE CHECKSUM: cd6595b60ee4ba1964c8caf29afef4b52959156c

COCOAPODS: 1.1.0.rc.2
